
Microsoft Visual Studio Solution File, Format Version 12.00
# Visual Studio Version 16
VisualStudioVersion = 16.0.31229.75
MinimumVisualStudioVersion = 10.0.40219.1
Project("{888888A0-9F3D-457C-B088-3A5042F75D52}") = "18.3", "18.3\18.3.pyproj", "{B8134C30-B3B5-4614-9F69-3911066CDB4B}"
EndProject
Global
	GlobalSection(SolutionConfigurationPlatforms) = preSolution
		Debug|Any CPU = Debug|Any CPU
		Release|Any CPU = Release|Any CPU
	EndGlobalSection
	GlobalSection(ProjectConfigurationPlatforms) = postSolution
		{B8134C30-B3B5-4614-9F69-3911066CDB4B}.Debug|Any CPU.ActiveCfg = Debug|Any CPU
		{B8134C30-B3B5-4614-9F69-3911066CDB4B}.Release|Any CPU.ActiveCfg = Release|Any CPU
	EndGlobalSection
	GlobalSection(SolutionProperties) = preSolution
		HideSolutionNode = FALSE
	EndGlobalSection
	GlobalSection(ExtensibilityGlobals) = postSolution
		SolutionGuid = {5CC71D1F-D367-4BEC-9356-425E3D56032C}
	EndGlobalSection
EndGlobal
