
Microsoft Visual Studio Solution File, Format Version 12.00
# Visual Studio Version 16
VisualStudioVersion = 16.0.31105.61
MinimumVisualStudioVersion = 10.0.40219.1
Project("{888888A0-9F3D-457C-B088-3A5042F75D52}") = "21.6", "21.6\21.6.pyproj", "{CAC85C58-5CA4-47D6-9649-7FBD6BFC5B61}"
EndProject
Global
	GlobalSection(SolutionConfigurationPlatforms) = preSolution
		Debug|Any CPU = Debug|Any CPU
		Release|Any CPU = Release|Any CPU
	EndGlobalSection
	GlobalSection(ProjectConfigurationPlatforms) = postSolution
		{CAC85C58-5CA4-47D6-9649-7FBD6BFC5B61}.Debug|Any CPU.ActiveCfg = Debug|Any CPU
		{CAC85C58-5CA4-47D6-9649-7FBD6BFC5B61}.Release|Any CPU.ActiveCfg = Release|Any CPU
	EndGlobalSection
	GlobalSection(SolutionProperties) = preSolution
		HideSolutionNode = FALSE
	EndGlobalSection
	GlobalSection(ExtensibilityGlobals) = postSolution
		SolutionGuid = {CE8B0C95-86CC-4857-9FE9-935063975279}
	EndGlobalSection
EndGlobal
