
Microsoft Visual Studio Solution File, Format Version 12.00
# Visual Studio Version 16
VisualStudioVersion = 16.0.31229.75
MinimumVisualStudioVersion = 10.0.40219.1
Project("{888888A0-9F3D-457C-B088-3A5042F75D52}") = "21.1", "21.1\21.1.pyproj", "{8CCACB23-27D0-474A-91BA-06A10AC65F05}"
EndProject
Global
	GlobalSection(SolutionConfigurationPlatforms) = preSolution
		Debug|Any CPU = Debug|Any CPU
		Release|Any CPU = Release|Any CPU
	EndGlobalSection
	GlobalSection(ProjectConfigurationPlatforms) = postSolution
		{8CCACB23-27D0-474A-91BA-06A10AC65F05}.Debug|Any CPU.ActiveCfg = Debug|Any CPU
		{8CCACB23-27D0-474A-91BA-06A10AC65F05}.Release|Any CPU.ActiveCfg = Release|Any CPU
	EndGlobalSection
	GlobalSection(SolutionProperties) = preSolution
		HideSolutionNode = FALSE
	EndGlobalSection
	GlobalSection(ExtensibilityGlobals) = postSolution
		SolutionGuid = {8005BB13-BD53-412B-891A-75EE92B813D7}
	EndGlobalSection
EndGlobal
