
Microsoft Visual Studio Solution File, Format Version 12.00
# Visual Studio Version 16
VisualStudioVersion = 16.0.31105.61
MinimumVisualStudioVersion = 10.0.40219.1
Project("{888888A0-9F3D-457C-B088-3A5042F75D52}") = "27.2", "27.2\27.2.pyproj", "{7F77C9AC-CB38-43AC-A9E2-4A7891B35F8F}"
EndProject
Global
	GlobalSection(SolutionConfigurationPlatforms) = preSolution
		Debug|Any CPU = Debug|Any CPU
		Release|Any CPU = Release|Any CPU
	EndGlobalSection
	GlobalSection(ProjectConfigurationPlatforms) = postSolution
		{7F77C9AC-CB38-43AC-A9E2-4A7891B35F8F}.Debug|Any CPU.ActiveCfg = Debug|Any CPU
		{7F77C9AC-CB38-43AC-A9E2-4A7891B35F8F}.Release|Any CPU.ActiveCfg = Release|Any CPU
	EndGlobalSection
	GlobalSection(SolutionProperties) = preSolution
		HideSolutionNode = FALSE
	EndGlobalSection
	GlobalSection(ExtensibilityGlobals) = postSolution
		SolutionGuid = {6B82D850-655E-4D36-9A43-AC304F14483E}
	EndGlobalSection
EndGlobal
