
Microsoft Visual Studio Solution File, Format Version 12.00
# Visual Studio Version 16
VisualStudioVersion = 16.0.31105.61
MinimumVisualStudioVersion = 10.0.40219.1
Project("{888888A0-9F3D-457C-B088-3A5042F75D52}") = "20.3", "20.3\20.3.pyproj", "{762F7C31-26F6-44F1-84E5-31FC71554569}"
EndProject
Global
	GlobalSection(SolutionConfigurationPlatforms) = preSolution
		Debug|Any CPU = Debug|Any CPU
		Release|Any CPU = Release|Any CPU
	EndGlobalSection
	GlobalSection(ProjectConfigurationPlatforms) = postSolution
		{762F7C31-26F6-44F1-84E5-31FC71554569}.Debug|Any CPU.ActiveCfg = Debug|Any CPU
		{762F7C31-26F6-44F1-84E5-31FC71554569}.Release|Any CPU.ActiveCfg = Release|Any CPU
	EndGlobalSection
	GlobalSection(SolutionProperties) = preSolution
		HideSolutionNode = FALSE
	EndGlobalSection
	GlobalSection(ExtensibilityGlobals) = postSolution
		SolutionGuid = {2129E911-E636-476E-BAB6-208D98687831}
	EndGlobalSection
EndGlobal
