
Microsoft Visual Studio Solution File, Format Version 12.00
# Visual Studio Version 16
VisualStudioVersion = 16.0.31229.75
MinimumVisualStudioVersion = 10.0.40219.1
Project("{888888A0-9F3D-457C-B088-3A5042F75D52}") = "20.4", "20.4\20.4.pyproj", "{43670DD2-6224-4E4E-825B-B0E2EDF41AE0}"
EndProject
Global
	GlobalSection(SolutionConfigurationPlatforms) = preSolution
		Debug|Any CPU = Debug|Any CPU
		Release|Any CPU = Release|Any CPU
	EndGlobalSection
	GlobalSection(ProjectConfigurationPlatforms) = postSolution
		{43670DD2-6224-4E4E-825B-B0E2EDF41AE0}.Debug|Any CPU.ActiveCfg = Debug|Any CPU
		{43670DD2-6224-4E4E-825B-B0E2EDF41AE0}.Release|Any CPU.ActiveCfg = Release|Any CPU
	EndGlobalSection
	GlobalSection(SolutionProperties) = preSolution
		HideSolutionNode = FALSE
	EndGlobalSection
	GlobalSection(ExtensibilityGlobals) = postSolution
		SolutionGuid = {B0D4E80C-F157-4783-A081-8E1F07C1DF55}
	EndGlobalSection
EndGlobal
