
Microsoft Visual Studio Solution File, Format Version 12.00
# Visual Studio Version 16
VisualStudioVersion = 16.0.31105.61
MinimumVisualStudioVersion = 10.0.40219.1
Project("{888888A0-9F3D-457C-B088-3A5042F75D52}") = "22.4", "22.4\22.4.pyproj", "{4959EBE0-C67A-4417-A754-490FB06C1A5A}"
EndProject
Global
	GlobalSection(SolutionConfigurationPlatforms) = preSolution
		Debug|Any CPU = Debug|Any CPU
		Release|Any CPU = Release|Any CPU
	EndGlobalSection
	GlobalSection(ProjectConfigurationPlatforms) = postSolution
		{4959EBE0-C67A-4417-A754-490FB06C1A5A}.Debug|Any CPU.ActiveCfg = Debug|Any CPU
		{4959EBE0-C67A-4417-A754-490FB06C1A5A}.Release|Any CPU.ActiveCfg = Release|Any CPU
	EndGlobalSection
	GlobalSection(SolutionProperties) = preSolution
		HideSolutionNode = FALSE
	EndGlobalSection
	GlobalSection(ExtensibilityGlobals) = postSolution
		SolutionGuid = {89304106-E9E6-4155-9FAF-3705DFDD5244}
	EndGlobalSection
EndGlobal
